
Microsoft Visual Studio Solution File, Format Version 12.00
# Visual Studio 2012
Project("{FAE04EC0-301F-11D3-BF4B-00C04F79EFBC}") = "UnityVS.UnityFolder.CSharp", "UnityVS.UnityFolder.CSharp.csproj", "{20D4C212-9550-C5BF-6F13-EDDB1145AFBB}"
EndProject
Project("{FAE04EC0-301F-11D3-BF4B-00C04F79EFBC}") = "UnityVS.UnityFolder.CSharp.Editor", "UnityVS.UnityFolder.CSharp.Editor.csproj", "{7FA4942D-7F0A-4E7E-83DB-E32FCF842952}"
EndProject
Project("{FAE04EC0-301F-11D3-BF4B-00C04F79EFBC}") = "UnityVS.UnityFolder.CSharp.Plugins", "UnityVS.UnityFolder.CSharp.Plugins.csproj", "{E86B0C2A-FCB5-7B09-2FBD-5AA83AE1AF01}"
EndProject
Global
	GlobalSection(SolutionConfigurationPlatforms) = preSolution
		Debug|Any CPU = Debug|Any CPU
		Release|Any CPU = Release|Any CPU
	EndGlobalSection
	GlobalSection(ProjectConfigurationPlatforms) = postSolution
		{20D4C212-9550-C5BF-6F13-EDDB1145AFBB}.Debug|Any CPU.ActiveCfg = Debug|Any CPU
		{20D4C212-9550-C5BF-6F13-EDDB1145AFBB}.Debug|Any CPU.Build.0 = Debug|Any CPU
		{20D4C212-9550-C5BF-6F13-EDDB1145AFBB}.Release|Any CPU.ActiveCfg = Release|Any CPU
		{20D4C212-9550-C5BF-6F13-EDDB1145AFBB}.Release|Any CPU.Build.0 = Release|Any CPU
		{7FA4942D-7F0A-4E7E-83DB-E32FCF842952}.Debug|Any CPU.ActiveCfg = Debug|Any CPU
		{7FA4942D-7F0A-4E7E-83DB-E32FCF842952}.Debug|Any CPU.Build.0 = Debug|Any CPU
		{7FA4942D-7F0A-4E7E-83DB-E32FCF842952}.Release|Any CPU.ActiveCfg = Release|Any CPU
		{7FA4942D-7F0A-4E7E-83DB-E32FCF842952}.Release|Any CPU.Build.0 = Release|Any CPU
		{E86B0C2A-FCB5-7B09-2FBD-5AA83AE1AF01}.Debug|Any CPU.ActiveCfg = Debug|Any CPU
		{E86B0C2A-FCB5-7B09-2FBD-5AA83AE1AF01}.Debug|Any CPU.Build.0 = Debug|Any CPU
		{E86B0C2A-FCB5-7B09-2FBD-5AA83AE1AF01}.Release|Any CPU.ActiveCfg = Release|Any CPU
		{E86B0C2A-FCB5-7B09-2FBD-5AA83AE1AF01}.Release|Any CPU.Build.0 = Release|Any CPU
	EndGlobalSection
	GlobalSection(SolutionProperties) = preSolution
		HideSolutionNode = FALSE
	EndGlobalSection
EndGlobal
